
Microsoft Visual Studio Solution File, Format Version 12.00
# Visual Studio Version 16
VisualStudioVersion = 16.0.29306.81
MinimumVisualStudioVersion = 10.0.40219.1
Project("{FAE04EC0-301F-11D3-BF4B-00C04F79EFBC}") = "CodeAlong", "CodeAlong\CodeAlong.csproj", "{F0DA1157-2BB5-4286-A190-17348C3E16DD}"
EndProject
Project("{2150E333-8FDC-42A3-9474-1A3956D46DE8}") = "Modules", "Modules", "{14E12EEE-00B0-4519-AC80-42F4CFCF92FC}"
EndProject
Project("{FAE04EC0-301F-11D3-BF4B-00C04F79EFBC}") = "CodeAlong.Modules.Mail", "Modules\CodeAlong.Modules.Mail\CodeAlong.Modules.Mail.csproj", "{9E1A4460-31F9-4246-A060-0CC631AF03E4}"
EndProject
Project("{FAE04EC0-301F-11D3-BF4B-00C04F79EFBC}") = "CodeAlong.Modules.Contacts", "Modules\CodeAlong.Modules.Contacts\CodeAlong.Modules.Contacts.csproj", "{E7AB0736-E460-4145-BC3C-38A2CCC66FD2}"
EndProject
Project("{FAE04EC0-301F-11D3-BF4B-00C04F79EFBC}") = "CodeAlong.Modules.Calendar", "Modules\CodeAlong.Modules.Calendar\CodeAlong.Modules.Calendar.csproj", "{A5596A1D-47E3-4C63-806E-AF9DE825E832}"
EndProject
Project("{FAE04EC0-301F-11D3-BF4B-00C04F79EFBC}") = "CodeAlong.Core", "CodeAlong.Core\CodeAlong.Core.csproj", "{92C0559A-EC53-48AF-B371-76DF6A49B63C}"
EndProject
Project("{FAE04EC0-301F-11D3-BF4B-00C04F79EFBC}") = "CodeAlong.Business", "CodeAlong.Business\CodeAlong.Business.csproj", "{27D015D8-D8A1-4E79-9624-A97FC7DE14B2}"
EndProject
Global
	GlobalSection(SolutionConfigurationPlatforms) = preSolution
		Debug|Any CPU = Debug|Any CPU
		Release|Any CPU = Release|Any CPU
	EndGlobalSection
	GlobalSection(ProjectConfigurationPlatforms) = postSolution
		{F0DA1157-2BB5-4286-A190-17348C3E16DD}.Debug|Any CPU.ActiveCfg = Debug|Any CPU
		{F0DA1157-2BB5-4286-A190-17348C3E16DD}.Debug|Any CPU.Build.0 = Debug|Any CPU
		{F0DA1157-2BB5-4286-A190-17348C3E16DD}.Release|Any CPU.ActiveCfg = Release|Any CPU
		{F0DA1157-2BB5-4286-A190-17348C3E16DD}.Release|Any CPU.Build.0 = Release|Any CPU
		{9E1A4460-31F9-4246-A060-0CC631AF03E4}.Debug|Any CPU.ActiveCfg = Debug|Any CPU
		{9E1A4460-31F9-4246-A060-0CC631AF03E4}.Debug|Any CPU.Build.0 = Debug|Any CPU
		{9E1A4460-31F9-4246-A060-0CC631AF03E4}.Release|Any CPU.ActiveCfg = Release|Any CPU
		{9E1A4460-31F9-4246-A060-0CC631AF03E4}.Release|Any CPU.Build.0 = Release|Any CPU
		{E7AB0736-E460-4145-BC3C-38A2CCC66FD2}.Debug|Any CPU.ActiveCfg = Debug|Any CPU
		{E7AB0736-E460-4145-BC3C-38A2CCC66FD2}.Debug|Any CPU.Build.0 = Debug|Any CPU
		{E7AB0736-E460-4145-BC3C-38A2CCC66FD2}.Release|Any CPU.ActiveCfg = Release|Any CPU
		{E7AB0736-E460-4145-BC3C-38A2CCC66FD2}.Release|Any CPU.Build.0 = Release|Any CPU
		{A5596A1D-47E3-4C63-806E-AF9DE825E832}.Debug|Any CPU.ActiveCfg = Debug|Any CPU
		{A5596A1D-47E3-4C63-806E-AF9DE825E832}.Debug|Any CPU.Build.0 = Debug|Any CPU
		{A5596A1D-47E3-4C63-806E-AF9DE825E832}.Release|Any CPU.ActiveCfg = Release|Any CPU
		{A5596A1D-47E3-4C63-806E-AF9DE825E832}.Release|Any CPU.Build.0 = Release|Any CPU
		{92C0559A-EC53-48AF-B371-76DF6A49B63C}.Debug|Any CPU.ActiveCfg = Debug|Any CPU
		{92C0559A-EC53-48AF-B371-76DF6A49B63C}.Debug|Any CPU.Build.0 = Debug|Any CPU
		{92C0559A-EC53-48AF-B371-76DF6A49B63C}.Release|Any CPU.ActiveCfg = Release|Any CPU
		{92C0559A-EC53-48AF-B371-76DF6A49B63C}.Release|Any CPU.Build.0 = Release|Any CPU
		{27D015D8-D8A1-4E79-9624-A97FC7DE14B2}.Debug|Any CPU.ActiveCfg = Debug|Any CPU
		{27D015D8-D8A1-4E79-9624-A97FC7DE14B2}.Debug|Any CPU.Build.0 = Debug|Any CPU
		{27D015D8-D8A1-4E79-9624-A97FC7DE14B2}.Release|Any CPU.ActiveCfg = Release|Any CPU
		{27D015D8-D8A1-4E79-9624-A97FC7DE14B2}.Release|Any CPU.Build.0 = Release|Any CPU
	EndGlobalSection
	GlobalSection(SolutionProperties) = preSolution
		HideSolutionNode = FALSE
	EndGlobalSection
	GlobalSection(NestedProjects) = preSolution
		{9E1A4460-31F9-4246-A060-0CC631AF03E4} = {14E12EEE-00B0-4519-AC80-42F4CFCF92FC}
		{E7AB0736-E460-4145-BC3C-38A2CCC66FD2} = {14E12EEE-00B0-4519-AC80-42F4CFCF92FC}
		{A5596A1D-47E3-4C63-806E-AF9DE825E832} = {14E12EEE-00B0-4519-AC80-42F4CFCF92FC}
	EndGlobalSection
	GlobalSection(ExtensibilityGlobals) = postSolution
		SolutionGuid = {F88E1396-C42D-4EE3-BC25-FD5B72FE0A8F}
	EndGlobalSection
EndGlobal
